// !$*UTF8*$!
{
	archiveVersion = 1;
	classes = {
	};
	objectVersion = 48;
	objects = {

/* Begin PBXBuildFile section */
		029076B055204A5A04A1186E /* Pods_ParseChatTests.framework in Frameworks */ = {isa = PBXBuildFile; fileRef = 4ECE5DF77C2667A85497C9AD /* Pods_ParseChatTests.framework */; };
		381608627098604766741A41 /* Pods_ParseChat.framework in Frameworks */ = {isa = PBXBuildFile; fileRef = BEC4DD2C7E4471A23BB30EE7 /* Pods_ParseChat.framework */; };
		7052EEC7203CFABA0063514B /* AppDelegate.swift in Sources */ = {isa = PBXBuildFile; fileRef = 7052EEC6203CFABA0063514B /* AppDelegate.swift */; };
		7052EEC9203CFABA0063514B /* ViewController.swift in Sources */ = {isa = PBXBuildFile; fileRef = 7052EEC8203CFABA0063514B /* ViewController.swift */; };
		7052EECC203CFABA0063514B /* Main.storyboard in Resources */ = {isa = PBXBuildFile; fileRef = 7052EECA203CFABA0063514B /* Main.storyboard */; };
		7052EECE203CFABA0063514B /* Assets.xcassets in Resources */ = {isa = PBXBuildFile; fileRef = 7052EECD203CFABA0063514B /* Assets.xcassets */; };
		7052EED1203CFABA0063514B /* LaunchScreen.storyboard in Resources */ = {isa = PBXBuildFile; fileRef = 7052EECF203CFABA0063514B /* LaunchScreen.storyboard */; };
		7052EEDC203CFABB0063514B /* ParseChatTests.swift in Sources */ = {isa = PBXBuildFile; fileRef = 7052EEDB203CFABB0063514B /* ParseChatTests.swift */; };
		7052EEE7203CFABB0063514B /* ParseChatUITests.swift in Sources */ = {isa = PBXBuildFile; fileRef = 7052EEE6203CFABB0063514B /* ParseChatUITests.swift */; };
		7052EEF8203F17660063514B /* ChatViewController.swift in Sources */ = {isa = PBXBuildFile; fileRef = 7052EEF7203F17660063514B /* ChatViewController.swift */; };
		7052EEFC203F1E890063514B /* ChatCell.swift in Sources */ = {isa = PBXBuildFile; fileRef = 7052EEFB203F1E890063514B /* ChatCell.swift */; };
		855C9361383AE67286162FD0 /* Pods_ParseChatUITests.framework in Frameworks */ = {isa = PBXBuildFile; fileRef = EA16646FC3E85F709C228797 /* Pods_ParseChatUITests.framework */; };
/* End PBXBuildFile section */

/* Begin PBXContainerItemProxy section */
		7052EED8203CFABB0063514B /* PBXContainerItemProxy */ = {
			isa = PBXContainerItemProxy;
			containerPortal = 7052EEBB203CFABA0063514B /* Project object */;
			proxyType = 1;
			remoteGlobalIDString = 7052EEC2203CFABA0063514B;
			remoteInfo = ParseChat;
		};
		7052EEE3203CFABB0063514B /* PBXContainerItemProxy */ = {
			isa = PBXContainerItemProxy;
			containerPortal = 7052EEBB203CFABA0063514B /* Project object */;
			proxyType = 1;
			remoteGlobalIDString = 7052EEC2203CFABA0063514B;
			remoteInfo = ParseChat;
		};
/* End PBXContainerItemProxy section */

/* Begin PBXFileReference section */
		4ECE5DF77C2667A85497C9AD /* Pods_ParseChatTests.framework */ = {isa = PBXFileReference; explicitFileType = wrapper.framework; includeInIndex = 0; path = Pods_ParseChatTests.framework; sourceTree = BUILT_PRODUCTS_DIR; };
		543AF088BF22667F3E6D6817 /* Pods-ParseChat.debug.xcconfig */ = {isa = PBXFileReference; includeInIndex = 1; lastKnownFileType = text.xcconfig; name = "Pods-ParseChat.debug.xcconfig"; path = "Pods/Target Support Files/Pods-ParseChat/Pods-ParseChat.debug.xcconfig"; sourceTree = "<group>"; };
		63C9C3D471EA536DEAC46F38 /* Pods-ParseChat.release.xcconfig */ = {isa = PBXFileReference; includeInIndex = 1; lastKnownFileType = text.xcconfig; name = "Pods-ParseChat.release.xcconfig"; path = "Pods/Target Support Files/Pods-ParseChat/Pods-ParseChat.release.xcconfig"; sourceTree = "<group>"; };
		7052EEC3203CFABA0063514B /* ParseChat.app */ = {isa = PBXFileReference; explicitFileType = wrapper.application; includeInIndex = 0; path = ParseChat.app; sourceTree = BUILT_PRODUCTS_DIR; };
		7052EEC6203CFABA0063514B /* AppDelegate.swift */ = {isa = PBXFileReference; lastKnownFileType = sourcecode.swift; path = AppDelegate.swift; sourceTree = "<group>"; };
		7052EEC8203CFABA0063514B /* ViewController.swift */ = {isa = PBXFileReference; lastKnownFileType = sourcecode.swift; path = ViewController.swift; sourceTree = "<group>"; };
		7052EECB203CFABA0063514B /* Base */ = {isa = PBXFileReference; lastKnownFileType = file.storyboard; name = Base; path = Base.lproj/Main.storyboard; sourceTree = "<group>"; };
		7052EECD203CFABA0063514B /* Assets.xcassets */ = {isa = PBXFileReference; lastKnownFileType = folder.assetcatalog; path = Assets.xcassets; sourceTree = "<group>"; };
		7052EED0203CFABA0063514B /* Base */ = {isa = PBXFileReference; lastKnownFileType = file.storyboard; name = Base; path = Base.lproj/LaunchScreen.storyboard; sourceTree = "<group>"; };
		7052EED2203CFABA0063514B /* Info.plist */ = {isa = PBXFileReference; lastKnownFileType = text.plist.xml; path = Info.plist; sourceTree = "<group>"; };
		7052EED7203CFABB0063514B /* ParseChatTests.xctest */ = {isa = PBXFileReference; explicitFileType = wrapper.cfbundle; includeInIndex = 0; path = ParseChatTests.xctest; sourceTree = BUILT_PRODUCTS_DIR; };
		7052EEDB203CFABB0063514B /* ParseChatTests.swift */ = {isa = PBXFileReference; lastKnownFileType = sourcecode.swift; path = ParseChatTests.swift; sourceTree = "<group>"; };
		7052EEDD203CFABB0063514B /* Info.plist */ = {isa = PBXFileReference; lastKnownFileType = text.plist.xml; path = Info.plist; sourceTree = "<group>"; };
		7052EEE2203CFABB0063514B /* ParseChatUITests.xctest */ = {isa = PBXFileReference; explicitFileType = wrapper.cfbundle; includeInIndex = 0; path = ParseChatUITests.xctest; sourceTree = BUILT_PRODUCTS_DIR; };
		7052EEE6203CFABB0063514B /* ParseChatUITests.swift */ = {isa = PBXFileReference; lastKnownFileType = sourcecode.swift; path = ParseChatUITests.swift; sourceTree = "<group>"; };
		7052EEE8203CFABB0063514B /* Info.plist */ = {isa = PBXFileReference; lastKnownFileType = text.plist.xml; path = Info.plist; sourceTree = "<group>"; };
		7052EEF7203F17660063514B /* ChatViewController.swift */ = {isa = PBXFileReference; lastKnownFileType = sourcecode.swift; path = ChatViewController.swift; sourceTree = "<group>"; };
		7052EEFB203F1E890063514B /* ChatCell.swift */ = {isa = PBXFileReference; lastKnownFileType = sourcecode.swift; path = ChatCell.swift; sourceTree = "<group>"; };
		90A06B5EF91AE70707630184 /* Pods-ParseChatUITests.release.xcconfig */ = {isa = PBXFileReference; includeInIndex = 1; lastKnownFileType = text.xcconfig; name = "Pods-ParseChatUITests.release.xcconfig"; path = "Pods/Target Support Files/Pods-ParseChatUITests/Pods-ParseChatUITests.release.xcconfig"; sourceTree = "<group>"; };
		916BC42E40C84C10234A5157 /* Pods-ParseChatTests.release.xcconfig */ = {isa = PBXFileReference; includeInIndex = 1; lastKnownFileType = text.xcconfig; name = "Pods-ParseChatTests.release.xcconfig"; path = "Pods/Target Support Files/Pods-ParseChatTests/Pods-ParseChatTests.release.xcconfig"; sourceTree = "<group>"; };
		BEC4DD2C7E4471A23BB30EE7 /* Pods_ParseChat.framework */ = {isa = PBXFileReference; explicitFileType = wrapper.framework; includeInIndex = 0; path = Pods_ParseChat.framework; sourceTree = BUILT_PRODUCTS_DIR; };
		C7CC42439B5AE8B580C22E4E /* Pods-ParseChatUITests.debug.xcconfig */ = {isa = PBXFileReference; includeInIndex = 1; lastKnownFileType = text.xcconfig; name = "Pods-ParseChatUITests.debug.xcconfig"; path = "Pods/Target Support Files/Pods-ParseChatUITests/Pods-ParseChatUITests.debug.xcconfig"; sourceTree = "<group>"; };
		E3F0847DBFEF8E27DFC1D257 /* Pods-ParseChatTests.debug.xcconfig */ = {isa = PBXFileReference; includeInIndex = 1; lastKnownFileType = text.xcconfig; name = "Pods-ParseChatTests.debug.xcconfig"; path = "Pods/Target Support Files/Pods-ParseChatTests/Pods-ParseChatTests.debug.xcconfig"; sourceTree = "<group>"; };
		EA16646FC3E85F709C228797 /* Pods_ParseChatUITests.framework */ = {isa = PBXFileReference; explicitFileType = wrapper.framework; includeInIndex = 0; path = Pods_ParseChatUITests.framework; sourceTree = BUILT_PRODUCTS_DIR; };
/* End PBXFileReference section */

/* Begin PBXFrameworksBuildPhase section */
		7052EEC0203CFABA0063514B /* Frameworks */ = {
			isa = PBXFrameworksBuildPhase;
			buildActionMask = 2147483647;
			files = (
				381608627098604766741A41 /* Pods_ParseChat.framework in Frameworks */,
			);
			runOnlyForDeploymentPostprocessing = 0;
		};
		7052EED4203CFABB0063514B /* Frameworks */ = {
			isa = PBXFrameworksBuildPhase;
			buildActionMask = 2147483647;
			files = (
				029076B055204A5A04A1186E /* Pods_ParseChatTests.framework in Frameworks */,
			);
			runOnlyForDeploymentPostprocessing = 0;
		};
		7052EEDF203CFABB0063514B /* Frameworks */ = {
			isa = PBXFrameworksBuildPhase;
			buildActionMask = 2147483647;
			files = (
				855C9361383AE67286162FD0 /* Pods_ParseChatUITests.framework in Frameworks */,
			);
			runOnlyForDeploymentPostprocessing = 0;
		};
/* End PBXFrameworksBuildPhase section */

/* Begin PBXGroup section */
		7052EEBA203CFABA0063514B = {
			isa = PBXGroup;
			children = (
				7052EEC5203CFABA0063514B /* ParseChat */,
				7052EEDA203CFABB0063514B /* ParseChatTests */,
				7052EEE5203CFABB0063514B /* ParseChatUITests */,
				7052EEC4203CFABA0063514B /* Products */,
				D1B5525C8FC200D9883E6FBA /* Pods */,
				A14B908E0A8B255208A070DB /* Frameworks */,
			);
			sourceTree = "<group>";
		};
		7052EEC4203CFABA0063514B /* Products */ = {
			isa = PBXGroup;
			children = (
				7052EEC3203CFABA0063514B /* ParseChat.app */,
				7052EED7203CFABB0063514B /* ParseChatTests.xctest */,
				7052EEE2203CFABB0063514B /* ParseChatUITests.xctest */,
			);
			name = Products;
			sourceTree = "<group>";
		};
		7052EEC5203CFABA0063514B /* ParseChat */ = {
			isa = PBXGroup;
			children = (
				7052EEFA203F1E570063514B /* Controllers */,
				7052EEC6203CFABA0063514B /* AppDelegate.swift */,
				7052EECA203CFABA0063514B /* Main.storyboard */,
				7052EECD203CFABA0063514B /* Assets.xcassets */,
				7052EECF203CFABA0063514B /* LaunchScreen.storyboard */,
				7052EED2203CFABA0063514B /* Info.plist */,
				7052EEFB203F1E890063514B /* ChatCell.swift */,
			);
			path = ParseChat;
			sourceTree = "<group>";
		};
		7052EEDA203CFABB0063514B /* ParseChatTests */ = {
			isa = PBXGroup;
			children = (
				7052EEDB203CFABB0063514B /* ParseChatTests.swift */,
				7052EEDD203CFABB0063514B /* Info.plist */,
			);
			path = ParseChatTests;
			sourceTree = "<group>";
		};
		7052EEE5203CFABB0063514B /* ParseChatUITests */ = {
			isa = PBXGroup;
			children = (
				7052EEE6203CFABB0063514B /* ParseChatUITests.swift */,
				7052EEE8203CFABB0063514B /* Info.plist */,
			);
			path = ParseChatUITests;
			sourceTree = "<group>";
		};
		7052EEFA203F1E570063514B /* Controllers */ = {
			isa = PBXGroup;
			children = (
				7052EEF7203F17660063514B /* ChatViewController.swift */,
				7052EEC8203CFABA0063514B /* ViewController.swift */,
			);
			path = Controllers;
			sourceTree = "<group>";
		};
		A14B908E0A8B255208A070DB /* Frameworks */ = {
			isa = PBXGroup;
			children = (
				BEC4DD2C7E4471A23BB30EE7 /* Pods_ParseChat.framework */,
				4ECE5DF77C2667A85497C9AD /* Pods_ParseChatTests.framework */,
				EA16646FC3E85F709C228797 /* Pods_ParseChatUITests.framework */,
			);
			name = Frameworks;
			sourceTree = "<group>";
		};
		D1B5525C8FC200D9883E6FBA /* Pods */ = {
			isa = PBXGroup;
			children = (
				543AF088BF22667F3E6D6817 /* Pods-ParseChat.debug.xcconfig */,
				63C9C3D471EA536DEAC46F38 /* Pods-ParseChat.release.xcconfig */,
				E3F0847DBFEF8E27DFC1D257 /* Pods-ParseChatTests.debug.xcconfig */,
				916BC42E40C84C10234A5157 /* Pods-ParseChatTests.release.xcconfig */,
				C7CC42439B5AE8B580C22E4E /* Pods-ParseChatUITests.debug.xcconfig */,
				90A06B5EF91AE70707630184 /* Pods-ParseChatUITests.release.xcconfig */,
			);
			name = Pods;
			sourceTree = "<group>";
		};
/* End PBXGroup section */

/* Begin PBXNativeTarget section */
		7052EEC2203CFABA0063514B /* ParseChat */ = {
			isa = PBXNativeTarget;
			buildConfigurationList = 7052EEEB203CFABB0063514B /* Build configuration list for PBXNativeTarget "ParseChat" */;
			buildPhases = (
				C7773B9F8A1ECE8AA6998751 /* [CP] Check Pods Manifest.lock */,
				7052EEBF203CFABA0063514B /* Sources */,
				7052EEC0203CFABA0063514B /* Frameworks */,
				7052EEC1203CFABA0063514B /* Resources */,
				5E472FFCC022B63B6AEA2F14 /* [CP] Embed Pods Frameworks */,
				58CF8337A44D355FBB718550 /* [CP] Copy Pods Resources */,
			);
			buildRules = (
			);
			dependencies = (
			);
			name = ParseChat;
			productName = ParseChat;
			productReference = 7052EEC3203CFABA0063514B /* ParseChat.app */;
			productType = "com.apple.product-type.application";
		};
		7052EED6203CFABB0063514B /* ParseChatTests */ = {
			isa = PBXNativeTarget;
			buildConfigurationList = 7052EEEE203CFABB0063514B /* Build configuration list for PBXNativeTarget "ParseChatTests" */;
			buildPhases = (
				0A9E4470764DC9803860327F /* [CP] Check Pods Manifest.lock */,
				7052EED3203CFABB0063514B /* Sources */,
				7052EED4203CFABB0063514B /* Frameworks */,
				7052EED5203CFABB0063514B /* Resources */,
				0E8C2F0C3E42300C5E4FE84D /* [CP] Embed Pods Frameworks */,
				4770C3959FF64D90349AA9D6 /* [CP] Copy Pods Resources */,
			);
			buildRules = (
			);
			dependencies = (
				7052EED9203CFABB0063514B /* PBXTargetDependency */,
			);
			name = ParseChatTests;
			productName = ParseChatTests;
			productReference = 7052EED7203CFABB0063514B /* ParseChatTests.xctest */;
			productType = "com.apple.product-type.bundle.unit-test";
		};
		7052EEE1203CFABB0063514B /* ParseChatUITests */ = {
			isa = PBXNativeTarget;
			buildConfigurationList = 7052EEF1203CFABB0063514B /* Build configuration list for PBXNativeTarget "ParseChatUITests" */;
			buildPhases = (
				41A6886EAE6C8E72D6F12514 /* [CP] Check Pods Manifest.lock */,
				7052EEDE203CFABB0063514B /* Sources */,
				7052EEDF203CFABB0063514B /* Frameworks */,
				7052EEE0203CFABB0063514B /* Resources */,
				2621C7F304E9C8BEA02FB842 /* [CP] Embed Pods Frameworks */,
				AEFA981284FFFE5E21F40950 /* [CP] Copy Pods Resources */,
			);
			buildRules = (
			);
			dependencies = (
				7052EEE4203CFABB0063514B /* PBXTargetDependency */,
			);
			name = ParseChatUITests;
			productName = ParseChatUITests;
			productReference = 7052EEE2203CFABB0063514B /* ParseChatUITests.xctest */;
			productType = "com.apple.product-type.bundle.ui-testing";
		};
/* End PBXNativeTarget section */

/* Begin PBXProject section */
		7052EEBB203CFABA0063514B /* Project object */ = {
			isa = PBXProject;
			attributes = {
				LastSwiftUpdateCheck = 0920;
				LastUpgradeCheck = 0920;
				ORGANIZATIONNAME = Guanxin;
				TargetAttributes = {
					7052EEC2203CFABA0063514B = {
						CreatedOnToolsVersion = 9.2;
						ProvisioningStyle = Automatic;
					};
					7052EED6203CFABB0063514B = {
						CreatedOnToolsVersion = 9.2;
						ProvisioningStyle = Automatic;
						TestTargetID = 7052EEC2203CFABA0063514B;
					};
					7052EEE1203CFABB0063514B = {
						CreatedOnToolsVersion = 9.2;
						ProvisioningStyle = Automatic;
						TestTargetID = 7052EEC2203CFABA0063514B;
					};
				};
			};
			buildConfigurationList = 7052EEBE203CFABA0063514B /* Build configuration list for PBXProject "ParseChat" */;
			compatibilityVersion = "Xcode 8.0";
			developmentRegion = en;
			hasScannedForEncodings = 0;
			knownRegions = (
				en,
				Base,
			);
			mainGroup = 7052EEBA203CFABA0063514B;
			productRefGroup = 7052EEC4203CFABA0063514B /* Products */;
			projectDirPath = "";
			projectRoot = "";
			targets = (
				7052EEC2203CFABA0063514B /* ParseChat */,
				7052EED6203CFABB0063514B /* ParseChatTests */,
				7052EEE1203CFABB0063514B /* ParseChatUITests */,
			);
		};
/* End PBXProject section */

/* Begin PBXResourcesBuildPhase section */
		7052EEC1203CFABA0063514B /* Resources */ = {
			isa = PBXResourcesBuildPhase;
			buildActionMask = 2147483647;
			files = (
				7052EED1203CFABA0063514B /* LaunchScreen.storyboard in Resources */,
				7052EECE203CFABA0063514B /* Assets.xcassets in Resources */,
				7052EECC203CFABA0063514B /* Main.storyboard in Resources */,
			);
			runOnlyForDeploymentPostprocessing = 0;
		};
		7052EED5203CFABB0063514B /* Resources */ = {
			isa = PBXResourcesBuildPhase;
			buildActionMask = 2147483647;
			files = (
			);
			runOnlyForDeploymentPostprocessing = 0;
		};
		7052EEE0203CFABB0063514B /* Resources */ = {
			isa = PBXResourcesBuildPhase;
			buildActionMask = 2147483647;
			files = (
			);
			runOnlyForDeploymentPostprocessing = 0;
		};
/* End PBXResourcesBuildPhase section */

/* Begin PBXShellScriptBuildPhase section */
		0A9E4470764DC9803860327F /* [CP] Check Pods Manifest.lock */ = {
			isa = PBXShellScriptBuildPhase;
			buildActionMask = 2147483647;
			files = (
			);
			inputPaths = (
				"${PODS_PODFILE_DIR_PATH}/Podfile.lock",
				"${PODS_ROOT}/Manifest.lock",
			);
			name = "[CP] Check Pods Manifest.lock";
			outputPaths = (
				"$(DERIVED_FILE_DIR)/Pods-ParseChatTests-checkManifestLockResult.txt",
			);
			runOnlyForDeploymentPostprocessing = 0;
			shellPath = /bin/sh;
			shellScript = "diff \"${PODS_PODFILE_DIR_PATH}/Podfile.lock\" \"${PODS_ROOT}/Manifest.lock\" > /dev/null\nif [ $? != 0 ] ; then\n    # print error to STDERR\n    echo \"error: The sandbox is not in sync with the Podfile.lock. Run 'pod install' or update your CocoaPods installation.\" >&2\n    exit 1\nfi\n# This output is used by Xcode 'outputs' to avoid re-running this script phase.\necho \"SUCCESS\" > \"${SCRIPT_OUTPUT_FILE_0}\"\n";
			showEnvVarsInLog = 0;
		};
		0E8C2F0C3E42300C5E4FE84D /* [CP] Embed Pods Frameworks */ = {
			isa = PBXShellScriptBuildPhase;
			buildActionMask = 2147483647;
			files = (
			);
			inputPaths = (
			);
			name = "[CP] Embed Pods Frameworks";
			outputPaths = (
			);
			runOnlyForDeploymentPostprocessing = 0;
			shellPath = /bin/sh;
			shellScript = "\"${SRCROOT}/Pods/Target Support Files/Pods-ParseChatTests/Pods-ParseChatTests-frameworks.sh\"\n";
			showEnvVarsInLog = 0;
		};
		2621C7F304E9C8BEA02FB842 /* [CP] Embed Pods Frameworks */ = {
			isa = PBXShellScriptBuildPhase;
			buildActionMask = 2147483647;
			files = (
			);
			inputPaths = (
			);
			name = "[CP] Embed Pods Frameworks";
			outputPaths = (
			);
			runOnlyForDeploymentPostprocessing = 0;
			shellPath = /bin/sh;
			shellScript = "\"${SRCROOT}/Pods/Target Support Files/Pods-ParseChatUITests/Pods-ParseChatUITests-frameworks.sh\"\n";
			showEnvVarsInLog = 0;
		};
		41A6886EAE6C8E72D6F12514 /* [CP] Check Pods Manifest.lock */ = {
			isa = PBXShellScriptBuildPhase;
			buildActionMask = 2147483647;
			files = (
			);
			inputPaths = (
				"${PODS_PODFILE_DIR_PATH}/Podfile.lock",
				"${PODS_ROOT}/Manifest.lock",
			);
			name = "[CP] Check Pods Manifest.lock";
			outputPaths = (
				"$(DERIVED_FILE_DIR)/Pods-ParseChatUITests-checkManifestLockResult.txt",
			);
			runOnlyForDeploymentPostprocessing = 0;
			shellPath = /bin/sh;
			shellScript = "diff \"${PODS_PODFILE_DIR_PATH}/Podfile.lock\" \"${PODS_ROOT}/Manifest.lock\" > /dev/null\nif [ $? != 0 ] ; then\n    # print error to STDERR\n    echo \"error: The sandbox is not in sync with the Podfile.lock. Run 'pod install' or update your CocoaPods installation.\" >&2\n    exit 1\nfi\n# This output is used by Xcode 'outputs' to avoid re-running this script phase.\necho \"SUCCESS\" > \"${SCRIPT_OUTPUT_FILE_0}\"\n";
			showEnvVarsInLog = 0;
		};
		4770C3959FF64D90349AA9D6 /* [CP] Copy Pods Resources */ = {
			isa = PBXShellScriptBuildPhase;
			buildActionMask = 2147483647;
			files = (
			);
			inputPaths = (
			);
			name = "[CP] Copy Pods Resources";
			outputPaths = (
			);
			runOnlyForDeploymentPostprocessing = 0;
			shellPath = /bin/sh;
			shellScript = "\"${SRCROOT}/Pods/Target Support Files/Pods-ParseChatTests/Pods-ParseChatTests-resources.sh\"\n";
			showEnvVarsInLog = 0;
		};
		58CF8337A44D355FBB718550 /* [CP] Copy Pods Resources */ = {
			isa = PBXShellScriptBuildPhase;
			buildActionMask = 2147483647;
			files = (
			);
			inputPaths = (
			);
			name = "[CP] Copy Pods Resources";
			outputPaths = (
			);
			runOnlyForDeploymentPostprocessing = 0;
			shellPath = /bin/sh;
			shellScript = "\"${SRCROOT}/Pods/Target Support Files/Pods-ParseChat/Pods-ParseChat-resources.sh\"\n";
			showEnvVarsInLog = 0;
		};
		5E472FFCC022B63B6AEA2F14 /* [CP] Embed Pods Frameworks */ = {
			isa = PBXShellScriptBuildPhase;
			buildActionMask = 2147483647;
			files = (
			);
			inputPaths = (
				"${SRCROOT}/Pods/Target Support Files/Pods-ParseChat/Pods-ParseChat-frameworks.sh",
				"${BUILT_PRODUCTS_DIR}/Bolts/Bolts.framework",
				"${BUILT_PRODUCTS_DIR}/Parse/Parse.framework",
			);
			name = "[CP] Embed Pods Frameworks";
			outputPaths = (
				"${TARGET_BUILD_DIR}/${FRAMEWORKS_FOLDER_PATH}/Bolts.framework",
				"${TARGET_BUILD_DIR}/${FRAMEWORKS_FOLDER_PATH}/Parse.framework",
			);
			runOnlyForDeploymentPostprocessing = 0;
			shellPath = /bin/sh;
			shellScript = "\"${SRCROOT}/Pods/Target Support Files/Pods-ParseChat/Pods-ParseChat-frameworks.sh\"\n";
			showEnvVarsInLog = 0;
		};
		AEFA981284FFFE5E21F40950 /* [CP] Copy Pods Resources */ = {
			isa = PBXShellScriptBuildPhase;
			buildActionMask = 2147483647;
			files = (
			);
			inputPaths = (
			);
			name = "[CP] Copy Pods Resources";
			outputPaths = (
			);
			runOnlyForDeploymentPostprocessing = 0;
			shellPath = /bin/sh;
			shellScript = "\"${SRCROOT}/Pods/Target Support Files/Pods-ParseChatUITests/Pods-ParseChatUITests-resources.sh\"\n";
			showEnvVarsInLog = 0;
		};
		C7773B9F8A1ECE8AA6998751 /* [CP] Check Pods Manifest.lock */ = {
			isa = PBXShellScriptBuildPhase;
			buildActionMask = 2147483647;
			files = (
			);
			inputPaths = (
				"${PODS_PODFILE_DIR_PATH}/Podfile.lock",
				"${PODS_ROOT}/Manifest.lock",
			);
			name = "[CP] Check Pods Manifest.lock";
			outputPaths = (
				"$(DERIVED_FILE_DIR)/Pods-ParseChat-checkManifestLockResult.txt",
			);
			runOnlyForDeploymentPostprocessing = 0;
			shellPath = /bin/sh;
			shellScript = "diff \"${PODS_PODFILE_DIR_PATH}/Podfile.lock\" \"${PODS_ROOT}/Manifest.lock\" > /dev/null\nif [ $? != 0 ] ; then\n    # print error to STDERR\n    echo \"error: The sandbox is not in sync with the Podfile.lock. Run 'pod install' or update your CocoaPods installation.\" >&2\n    exit 1\nfi\n# This output is used by Xcode 'outputs' to avoid re-running this script phase.\necho \"SUCCESS\" > \"${SCRIPT_OUTPUT_FILE_0}\"\n";
			showEnvVarsInLog = 0;
		};
/* End PBXShellScriptBuildPhase section */

/* Begin PBXSourcesBuildPhase section */
		7052EEBF203CFABA0063514B /* Sources */ = {
			isa = PBXSourcesBuildPhase;
			buildActionMask = 2147483647;
			files = (
				7052EEC9203CFABA0063514B /* ViewController.swift in Sources */,
				7052EEFC203F1E890063514B /* ChatCell.swift in Sources */,
				7052EEF8203F17660063514B /* ChatViewController.swift in Sources */,
				7052EEC7203CFABA0063514B /* AppDelegate.swift in Sources */,
			);
			runOnlyForDeploymentPostprocessing = 0;
		};
		7052EED3203CFABB0063514B /* Sources */ = {
			isa = PBXSourcesBuildPhase;
			buildActionMask = 2147483647;
			files = (
				7052EEDC203CFABB0063514B /* ParseChatTests.swift in Sources */,
			);
			runOnlyForDeploymentPostprocessing = 0;
		};
		7052EEDE203CFABB0063514B /* Sources */ = {
			isa = PBXSourcesBuildPhase;
			buildActionMask = 2147483647;
			files = (
				7052EEE7203CFABB0063514B /* ParseChatUITests.swift in Sources */,
			);
			runOnlyForDeploymentPostprocessing = 0;
		};
/* End PBXSourcesBuildPhase section */

/* Begin PBXTargetDependency section */
		7052EED9203CFABB0063514B /* PBXTargetDependency */ = {
			isa = PBXTargetDependency;
			target = 7052EEC2203CFABA0063514B /* ParseChat */;
			targetProxy = 7052EED8203CFABB0063514B /* PBXContainerItemProxy */;
		};
		7052EEE4203CFABB0063514B /* PBXTargetDependency */ = {
			isa = PBXTargetDependency;
			target = 7052EEC2203CFABA0063514B /* ParseChat */;
			targetProxy = 7052EEE3203CFABB0063514B /* PBXContainerItemProxy */;
		};
/* End PBXTargetDependency section */

/* Begin PBXVariantGroup section */
		7052EECA203CFABA0063514B /* Main.storyboard */ = {
			isa = PBXVariantGroup;
			children = (
				7052EECB203CFABA0063514B /* Base */,
			);
			name = Main.storyboard;
			sourceTree = "<group>";
		};
		7052EECF203CFABA0063514B /* LaunchScreen.storyboard */ = {
			isa = PBXVariantGroup;
			children = (
				7052EED0203CFABA0063514B /* Base */,
			);
			name = LaunchScreen.storyboard;
			sourceTree = "<group>";
		};
/* End PBXVariantGroup section */

/* Begin XCBuildConfiguration section */
		7052EEE9203CFABB0063514B /* Debug */ = {
			isa = XCBuildConfiguration;
			buildSettings = {
				ALWAYS_SEARCH_USER_PATHS = NO;
				CLANG_ANALYZER_NONNULL = YES;
				CLANG_ANALYZER_NUMBER_OBJECT_CONVERSION = YES_AGGRESSIVE;
				CLANG_CXX_LANGUAGE_STANDARD = "gnu++14";
				CLANG_CXX_LIBRARY = "libc++";
				CLANG_ENABLE_MODULES = YES;
				CLANG_ENABLE_OBJC_ARC = YES;
				CLANG_WARN_BLOCK_CAPTURE_AUTORELEASING = YES;
				CLANG_WARN_BOOL_CONVERSION = YES;
				CLANG_WARN_COMMA = YES;
				CLANG_WARN_CONSTANT_CONVERSION = YES;
				CLANG_WARN_DIRECT_OBJC_ISA_USAGE = YES_ERROR;
				CLANG_WARN_DOCUMENTATION_COMMENTS = YES;
				CLANG_WARN_EMPTY_BODY = YES;
				CLANG_WARN_ENUM_CONVERSION = YES;
				CLANG_WARN_INFINITE_RECURSION = YES;
				CLANG_WARN_INT_CONVERSION = YES;
				CLANG_WARN_NON_LITERAL_NULL_CONVERSION = YES;
				CLANG_WARN_OBJC_LITERAL_CONVERSION = YES;
				CLANG_WARN_OBJC_ROOT_CLASS = YES_ERROR;
				CLANG_WARN_RANGE_LOOP_ANALYSIS = YES;
				CLANG_WARN_STRICT_PROTOTYPES = YES;
				CLANG_WARN_SUSPICIOUS_MOVE = YES;
				CLANG_WARN_UNGUARDED_AVAILABILITY = YES_AGGRESSIVE;
				CLANG_WARN_UNREACHABLE_CODE = YES;
				CLANG_WARN__DUPLICATE_METHOD_MATCH = YES;
				CODE_SIGN_IDENTITY = "iPhone Developer";
				COPY_PHASE_STRIP = NO;
				DEBUG_INFORMATION_FORMAT = dwarf;
				ENABLE_STRICT_OBJC_MSGSEND = YES;
				ENABLE_TESTABILITY = YES;
				GCC_C_LANGUAGE_STANDARD = gnu11;
				GCC_DYNAMIC_NO_PIC = NO;
				GCC_NO_COMMON_BLOCKS = YES;
				GCC_OPTIMIZATION_LEVEL = 0;
				GCC_PREPROCESSOR_DEFINITIONS = (
					"DEBUG=1",
					"$(inherited)",
				);
				GCC_WARN_64_TO_32_BIT_CONVERSION = YES;
				GCC_WARN_ABOUT_RETURN_TYPE = YES_ERROR;
				GCC_WARN_UNDECLARED_SELECTOR = YES;
				GCC_WARN_UNINITIALIZED_AUTOS = YES_AGGRESSIVE;
				GCC_WARN_UNUSED_FUNCTION = YES;
				GCC_WARN_UNUSED_VARIABLE = YES;
				IPHONEOS_DEPLOYMENT_TARGET = 11.2;
				MTL_ENABLE_DEBUG_INFO = YES;
				ONLY_ACTIVE_ARCH = YES;
				SDKROOT = iphoneos;
				SWIFT_ACTIVE_COMPILATION_CONDITIONS = DEBUG;
				SWIFT_OPTIMIZATION_LEVEL = "-Onone";
			};
			name = Debug;
		};
		7052EEEA203CFABB0063514B /* Release */ = {
			isa = XCBuildConfiguration;
			buildSettings = {
				ALWAYS_SEARCH_USER_PATHS = NO;
				CLANG_ANALYZER_NONNULL = YES;
				CLANG_ANALYZER_NUMBER_OBJECT_CONVERSION = YES_AGGRESSIVE;
				CLANG_CXX_LANGUAGE_STANDARD = "gnu++14";
				CLANG_CXX_LIBRARY = "libc++";
				CLANG_ENABLE_MODULES = YES;
				CLANG_ENABLE_OBJC_ARC = YES;
				CLANG_WARN_BLOCK_CAPTURE_AUTORELEASING = YES;
				CLANG_WARN_BOOL_CONVERSION = YES;
				CLANG_WARN_COMMA = YES;
				CLANG_WARN_CONSTANT_CONVERSION = YES;
				CLANG_WARN_DIRECT_OBJC_ISA_USAGE = YES_ERROR;
				CLANG_WARN_DOCUMENTATION_COMMENTS = YES;
				CLANG_WARN_EMPTY_BODY = YES;
				CLANG_WARN_ENUM_CONVERSION = YES;
				CLANG_WARN_INFINITE_RECURSION = YES;
				CLANG_WARN_INT_CONVERSION = YES;
				CLANG_WARN_NON_LITERAL_NULL_CONVERSION = YES;
				CLANG_WARN_OBJC_LITERAL_CONVERSION = YES;
				CLANG_WARN_OBJC_ROOT_CLASS = YES_ERROR;
				CLANG_WARN_RANGE_LOOP_ANALYSIS = YES;
				CLANG_WARN_STRICT_PROTOTYPES = YES;
				CLANG_WARN_SUSPICIOUS_MOVE = YES;
				CLANG_WARN_UNGUARDED_AVAILABILITY = YES_AGGRESSIVE;
				CLANG_WARN_UNREACHABLE_CODE = YES;
				CLANG_WARN__DUPLICATE_METHOD_MATCH = YES;
				CODE_SIGN_IDENTITY = "iPhone Developer";
				COPY_PHASE_STRIP = NO;
				DEBUG_INFORMATION_FORMAT = "dwarf-with-dsym";
				ENABLE_NS_ASSERTIONS = NO;
				ENABLE_STRICT_OBJC_MSGSEND = YES;
				GCC_C_LANGUAGE_STANDARD = gnu11;
				GCC_NO_COMMON_BLOCKS = YES;
				GCC_WARN_64_TO_32_BIT_CONVERSION = YES;
				GCC_WARN_ABOUT_RETURN_TYPE = YES_ERROR;
				GCC_WARN_UNDECLARED_SELECTOR = YES;
				GCC_WARN_UNINITIALIZED_AUTOS = YES_AGGRESSIVE;
				GCC_WARN_UNUSED_FUNCTION = YES;
				GCC_WARN_UNUSED_VARIABLE = YES;
				IPHONEOS_DEPLOYMENT_TARGET = 11.2;
				MTL_ENABLE_DEBUG_INFO = NO;
				SDKROOT = iphoneos;
				SWIFT_OPTIMIZATION_LEVEL = "-Owholemodule";
				VALIDATE_PRODUCT = YES;
			};
			name = Release;
		};
		7052EEEC203CFABB0063514B /* Debug */ = {
			isa = XCBuildConfiguration;
			baseConfigurationReference = 543AF088BF22667F3E6D6817 /* Pods-ParseChat.debug.xcconfig */;
			buildSettings = {
				ASSETCATALOG_COMPILER_APPICON_NAME = AppIcon;
				CODE_SIGN_STYLE = Automatic;
				INFOPLIST_FILE = ParseChat/Info.plist;
				LD_RUNPATH_SEARCH_PATHS = "$(inherited) @executable_path/Frameworks";
				PRODUCT_BUNDLE_IDENTIFIER = Guanxin.ParseChat;
				PRODUCT_NAME = "$(TARGET_NAME)";
				SWIFT_VERSION = 4.0;
				TARGETED_DEVICE_FAMILY = "1,2";
			};
			name = Debug;
		};
		7052EEED203CFABB0063514B /* Release */ = {
			isa = XCBuildConfiguration;
			baseConfigurationReference = 63C9C3D471EA536DEAC46F38 /* Pods-ParseChat.release.xcconfig */;
			buildSettings = {
				ASSETCATALOG_COMPILER_APPICON_NAME = AppIcon;
				CODE_SIGN_STYLE = Automatic;
				INFOPLIST_FILE = ParseChat/Info.plist;
				LD_RUNPATH_SEARCH_PATHS = "$(inherited) @executable_path/Frameworks";
				PRODUCT_BUNDLE_IDENTIFIER = Guanxin.ParseChat;
				PRODUCT_NAME = "$(TARGET_NAME)";
				SWIFT_VERSION = 4.0;
				TARGETED_DEVICE_FAMILY = "1,2";
			};
			name = Release;
		};
		7052EEEF203CFABB0063514B /* Debug */ = {
			isa = XCBuildConfiguration;
			baseConfigurationReference = E3F0847DBFEF8E27DFC1D257 /* Pods-ParseChatTests.debug.xcconfig */;
			buildSettings = {
				ALWAYS_EMBED_SWIFT_STANDARD_LIBRARIES = YES;
				BUNDLE_LOADER = "$(TEST_HOST)";
				CODE_SIGN_STYLE = Automatic;
				INFOPLIST_FILE = ParseChatTests/Info.plist;
				LD_RUNPATH_SEARCH_PATHS = "$(inherited) @executable_path/Frameworks @loader_path/Frameworks";
				PRODUCT_BUNDLE_IDENTIFIER = Guanxin.ParseChatTests;
				PRODUCT_NAME = "$(TARGET_NAME)";
				SWIFT_VERSION = 4.0;
				TARGETED_DEVICE_FAMILY = "1,2";
				TEST_HOST = "$(BUILT_PRODUCTS_DIR)/ParseChat.app/ParseChat";
			};
			name = Debug;
		};
		7052EEF0203CFABB0063514B /* Release */ = {
			isa = XCBuildConfiguration;
			baseConfigurationReference = 916BC42E40C84C10234A5157 /* Pods-ParseChatTests.release.xcconfig */;
			buildSettings = {
				ALWAYS_EMBED_SWIFT_STANDARD_LIBRARIES = YES;
				BUNDLE_LOADER = "$(TEST_HOST)";
				CODE_SIGN_STYLE = Automatic;
				INFOPLIST_FILE = ParseChatTests/Info.plist;
				LD_RUNPATH_SEARCH_PATHS = "$(inherited) @executable_path/Frameworks @loader_path/Frameworks";
				PRODUCT_BUNDLE_IDENTIFIER = Guanxin.ParseChatTests;
				PRODUCT_NAME = "$(TARGET_NAME)";
				SWIFT_VERSION = 4.0;
				TARGETED_DEVICE_FAMILY = "1,2";
				TEST_HOST = "$(BUILT_PRODUCTS_DIR)/ParseChat.app/ParseChat";
			};
			name = Release;
		};
		7052EEF2203CFABB0063514B /* Debug */ = {
			isa = XCBuildConfiguration;
			baseConfigurationReference = C7CC42439B5AE8B580C22E4E /* Pods-ParseChatUITests.debug.xcconfig */;
			buildSettings = {
				ALWAYS_EMBED_SWIFT_STANDARD_LIBRARIES = YES;
				CODE_SIGN_STYLE = Automatic;
				INFOPLIST_FILE = ParseChatUITests/Info.plist;
				LD_RUNPATH_SEARCH_PATHS = "$(inherited) @executable_path/Frameworks @loader_path/Frameworks";
				PRODUCT_BUNDLE_IDENTIFIER = Guanxin.ParseChatUITests;
				PRODUCT_NAME = "$(TARGET_NAME)";
				SWIFT_VERSION = 4.0;
				TARGETED_DEVICE_FAMILY = "1,2";
				TEST_TARGET_NAME = ParseChat;
			};
			name = Debug;
		};
		7052EEF3203CFABB0063514B /* Release */ = {
			isa = XCBuildConfiguration;
			baseConfigurationReference = 90A06B5EF91AE70707630184 /* Pods-ParseChatUITests.release.xcconfig */;
			buildSettings = {
				ALWAYS_EMBED_SWIFT_STANDARD_LIBRARIES = YES;
				CODE_SIGN_STYLE = Automatic;
				INFOPLIST_FILE = ParseChatUITests/Info.plist;
				LD_RUNPATH_SEARCH_PATHS = "$(inherited) @executable_path/Frameworks @loader_path/Frameworks";
				PRODUCT_BUNDLE_IDENTIFIER = Guanxin.ParseChatUITests;
				PRODUCT_NAME = "$(TARGET_NAME)";
				SWIFT_VERSION = 4.0;
				TARGETED_DEVICE_FAMILY = "1,2";
				TEST_TARGET_NAME = ParseChat;
			};
			name = Release;
		};
/* End XCBuildConfiguration section */

/* Begin XCConfigurationList section */
		7052EEBE203CFABA0063514B /* Build configuration list for PBXProject "ParseChat" */ = {
			isa = XCConfigurationList;
			buildConfigurations = (
				7052EEE9203CFABB0063514B /* Debug */,
				7052EEEA203CFABB0063514B /* Release */,
			);
			defaultConfigurationIsVisible = 0;
			defaultConfigurationName = Release;
		};
		7052EEEB203CFABB0063514B /* Build configuration list for PBXNativeTarget "ParseChat" */ = {
			isa = XCConfigurationList;
			buildConfigurations = (
				7052EEEC203CFABB0063514B /* Debug */,
				7052EEED203CFABB0063514B /* Release */,
			);
			defaultConfigurationIsVisible = 0;
			defaultConfigurationName = Release;
		};
		7052EEEE203CFABB0063514B /* Build configuration list for PBXNativeTarget "ParseChatTests" */ = {
			isa = XCConfigurationList;
			buildConfigurations = (
				7052EEEF203CFABB0063514B /* Debug */,
				7052EEF0203CFABB0063514B /* Release */,
			);
			defaultConfigurationIsVisible = 0;
			defaultConfigurationName = Release;
		};
		7052EEF1203CFABB0063514B /* Build configuration list for PBXNativeTarget "ParseChatUITests" */ = {
			isa = XCConfigurationList;
			buildConfigurations = (
				7052EEF2203CFABB0063514B /* Debug */,
				7052EEF3203CFABB0063514B /* Release */,
			);
			defaultConfigurationIsVisible = 0;
			defaultConfigurationName = Release;
		};
/* End XCConfigurationList section */
	};
	rootObject = 7052EEBB203CFABA0063514B /* Project object */;
}
